PODS:
  - MDTransitioning (1.0.0)
  - VCTransitionsLibrary (1.5.0)

DEPENDENCIES:
  - MDTransitioning (~> 1.0.0)
  - VCTransitionsLibrary (~> 1.5.0)

SPEC CHECKSUMS:
  MDTransitioning: 1ea92ed20dcd61662b2b876307b56f2b0d9aa969
  VCTransitionsLibrary: d61fd9b7b6721942f0d583bcc0e7f8c31ec9271b

PODFILE CHECKSUM: 3726a57007230b8243265ccc670ebfee701982d8

COCOAPODS: 1.2.1
